{
  "name": "siminym-ja",
  "lockfileVersion": 2,
  "requires": true,
  "packages": {
    "": {
      "dependencies": {
        "sql.js-httpvfs": "^0.8.11"
      }
    },
    "node_modules/comlink": {
      "version": "4.3.1",
      "resolved": "https://registry.npmjs.org/comlink/-/comlink-4.3.1.tgz",
      "integrity": "sha512-+YbhUdNrpBZggBAHWcgQMLPLH1KDF3wJpeqrCKieWQ8RL7atmgsgTQko1XEBK6PsecfopWNntopJ+ByYG1lRaA=="
    },
    "node_modules/sql.js-httpvfs": {
      "version": "0.8.11",
      "resolved": "https://registry.npmjs.org/sql.js-httpvfs/-/sql.js-httpvfs-0.8.11.tgz",
      "integrity": "sha512-OBgj77Z3yAdxJ3HlC5BPVqIaWLqXn+q8KYAi+shR3iHwSglXE2NzsOIZsCs9fQfrtU6Qu5fqAMWAX4NaxeADew==",
      "dependencies": {
        "comlink": "^4.3.0"
      }
    }
  },
  "dependencies": {
    "comlink": {
      "version": "4.3.1",
      "resolved": "https://registry.npmjs.org/comlink/-/comlink-4.3.1.tgz",
      "integrity": "sha512-+YbhUdNrpBZggBAHWcgQMLPLH1KDF3wJpeqrCKieWQ8RL7atmgsgTQko1XEBK6PsecfopWNntopJ+ByYG1lRaA=="
    },
    "sql.js-httpvfs": {
      "version": "0.8.11",
      "resolved": "https://registry.npmjs.org/sql.js-httpvfs/-/sql.js-httpvfs-0.8.11.tgz",
      "integrity": "sha512-OBgj77Z3yAdxJ3HlC5BPVqIaWLqXn+q8KYAi+shR3iHwSglXE2NzsOIZsCs9fQfrtU6Qu5fqAMWAX4NaxeADew==",
      "requires": {
        "comlink": "^4.3.0"
      }
    }
  }
}
