{
  "name": "rensole-zh",
  "lockfileVersion": 2,
  "requires": true,
  "packages": {
    "": {
      "dependencies": {
        "sql.js-httpvfs": "^0.8.12"
      }
    },
    "node_modules/comlink": {
      "version": "4.3.1",
      "resolved": "https://registry.npmjs.org/comlink/-/comlink-4.3.1.tgz",
      "integrity": "sha512-+YbhUdNrpBZggBAHWcgQMLPLH1KDF3wJpeqrCKieWQ8RL7atmgsgTQko1XEBK6PsecfopWNntopJ+ByYG1lRaA=="
    },
    "node_modules/sql.js-httpvfs": {
      "version": "0.8.12",
      "resolved": "https://registry.npmjs.org/sql.js-httpvfs/-/sql.js-httpvfs-0.8.12.tgz",
      "integrity": "sha512-lcEBc2q0psFRfdCx8Di22oUIkkv5MUIaVO/fGCj/Jjx6YQDKVylQEcjd7NSSbmINHTRwVkm/vWP8uuevT7Rkkw==",
      "dependencies": {
        "comlink": "^4.3.0"
      }
    }
  },
  "dependencies": {
    "comlink": {
      "version": "4.3.1",
      "resolved": "https://registry.npmjs.org/comlink/-/comlink-4.3.1.tgz",
      "integrity": "sha512-+YbhUdNrpBZggBAHWcgQMLPLH1KDF3wJpeqrCKieWQ8RL7atmgsgTQko1XEBK6PsecfopWNntopJ+ByYG1lRaA=="
    },
    "sql.js-httpvfs": {
      "version": "0.8.12",
      "resolved": "https://registry.npmjs.org/sql.js-httpvfs/-/sql.js-httpvfs-0.8.12.tgz",
      "integrity": "sha512-lcEBc2q0psFRfdCx8Di22oUIkkv5MUIaVO/fGCj/Jjx6YQDKVylQEcjd7NSSbmINHTRwVkm/vWP8uuevT7Rkkw==",
      "requires": {
        "comlink": "^4.3.0"
      }
    }
  }
}
